
Microsoft Visual Studio Solution File, Format Version 12.00
# Visual Studio Version 17
VisualStudioVersion = 17.8.34525.116
MinimumVisualStudioVersion = 10.0.40219.1
Project("{FAE04EC0-301F-11D3-BF4B-00C04F79EFBC}") = "MovieCart", "MovieCart\MovieCart.csproj", "{F25CF6C7-C9E5-4B4A-A318-A29FC621E36A}"
EndProject
Project("{FAE04EC0-301F-11D3-BF4B-00C04F79EFBC}") = "JwtToken", "JwtToken\JwtToken.csproj", "{58B287AD-DF3A-48F7-944A-76FDF8C0A4BC}"
EndProject
Global
	GlobalSection(SolutionConfigurationPlatforms) = preSolution
		Debug|Any CPU = Debug|Any CPU
		Release|Any CPU = Release|Any CPU
	EndGlobalSection
	GlobalSection(ProjectConfigurationPlatforms) = postSolution
		{F25CF6C7-C9E5-4B4A-A318-A29FC621E36A}.Debug|Any CPU.ActiveCfg = Debug|Any CPU
		{F25CF6C7-C9E5-4B4A-A318-A29FC621E36A}.Debug|Any CPU.Build.0 = Debug|Any CPU
		{F25CF6C7-C9E5-4B4A-A318-A29FC621E36A}.Release|Any CPU.ActiveCfg = Release|Any CPU
		{F25CF6C7-C9E5-4B4A-A318-A29FC621E36A}.Release|Any CPU.Build.0 = Release|Any CPU
		{58B287AD-DF3A-48F7-944A-76FDF8C0A4BC}.Debug|Any CPU.ActiveCfg = Debug|Any CPU
		{58B287AD-DF3A-48F7-944A-76FDF8C0A4BC}.Debug|Any CPU.Build.0 = Debug|Any CPU
		{58B287AD-DF3A-48F7-944A-76FDF8C0A4BC}.Release|Any CPU.ActiveCfg = Release|Any CPU
		{58B287AD-DF3A-48F7-944A-76FDF8C0A4BC}.Release|Any CPU.Build.0 = Release|Any CPU
	EndGlobalSection
	GlobalSection(SolutionProperties) = preSolution
		HideSolutionNode = FALSE
	EndGlobalSection
	GlobalSection(ExtensibilityGlobals) = postSolution
		SolutionGuid = {E79437AB-C3AB-4DAF-AA11-F797408B8608}
	EndGlobalSection
EndGlobal
